
Microsoft Visual Studio Solution File, Format Version 12.00
# Visual Studio Version 17
VisualStudioVersion = 17.12.35707.178
MinimumVisualStudioVersion = 10.0.40219.1
Project("{FAE04EC0-301F-11D3-BF4B-00C04F79EFBC}") = "DynSec.API", "DynSec.API\DynSec.API.csproj", "{D1332A8F-4DD7-4355-8AD6-927518A478E0}"
EndProject
Project("{FAE04EC0-301F-11D3-BF4B-00C04F79EFBC}") = "DynSec.MQTT", "DynSec.MQTT\DynSec.MQTT.csproj", "{E203FBED-9F44-4E3E-BECD-E9C103AD7084}"
EndProject
Project("{2150E333-8FDC-42A3-9474-1A3956D46DE8}") = "Solution Items", "Solution Items", "{609FC1C1-3F2A-436F-94C0-206BFEDC3613}"
	ProjectSection(SolutionItems) = preProject
		.dockerignore = .dockerignore
		.gitignore = .gitignore
		Dockerfile = Dockerfile
		Dockerfile.github = Dockerfile.github
		README.md = README.md
	EndProjectSection
EndProject
Project("{FAE04EC0-301F-11D3-BF4B-00C04F79EFBC}") = "DynSec.Model", "DynSec.Model\DynSec.Model.csproj", "{671A522F-E20C-44E8-86BD-D0A0F38DC205}"
EndProject
Project("{FAE04EC0-301F-11D3-BF4B-00C04F79EFBC}") = "DynSec.Protocol", "DynSec.Protocol\DynSec.Protocol.csproj", "{C040792E-4A60-4822-AE95-61A0836E78F2}"
EndProject
Project("{54A90642-561A-4BB1-A94E-469ADEE60C69}") = "DynSec.Web", "DynSec.Web\DynSec.Web.esproj", "{DD9CA52D-8CDA-4CC6-AAF6-0287CA07499E}"
EndProject
Project("{FAE04EC0-301F-11D3-BF4B-00C04F79EFBC}") = "DynSec.GraphQL", "DynSec.GraphQL\DynSec.GraphQL.csproj", "{CA160BF4-8E14-42D6-BE7A-1387A5382F9E}"
EndProject
Project("{2150E333-8FDC-42A3-9474-1A3956D46DE8}") = ".github", ".github", "{BA857173-7E30-428E-B5AE-D61FF97AFCB9}"
EndProject
Project("{2150E333-8FDC-42A3-9474-1A3956D46DE8}") = "workflows", "workflows", "{E4AABD69-9BCA-4433-B7AA-AFC7269A53C8}"
	ProjectSection(SolutionItems) = preProject
		.github\workflows\angular-build.yml = .github\workflows\angular-build.yml
		.github\workflows\dotnet-build.yml = .github\workflows\dotnet-build.yml
		.github\workflows\full-CI.yml = .github\workflows\full-CI.yml
	EndProjectSection
EndProject
Global
	GlobalSection(SolutionConfigurationPlatforms) = preSolution
		Debug|Any CPU = Debug|Any CPU
		Release|Any CPU = Release|Any CPU
	EndGlobalSection
	GlobalSection(ProjectConfigurationPlatforms) = postSolution
		{D1332A8F-4DD7-4355-8AD6-927518A478E0}.Debug|Any CPU.ActiveCfg = Debug|Any CPU
		{D1332A8F-4DD7-4355-8AD6-927518A478E0}.Debug|Any CPU.Build.0 = Debug|Any CPU
		{D1332A8F-4DD7-4355-8AD6-927518A478E0}.Release|Any CPU.ActiveCfg = Release|Any CPU
		{D1332A8F-4DD7-4355-8AD6-927518A478E0}.Release|Any CPU.Build.0 = Release|Any CPU
		{E203FBED-9F44-4E3E-BECD-E9C103AD7084}.Debug|Any CPU.ActiveCfg = Debug|Any CPU
		{E203FBED-9F44-4E3E-BECD-E9C103AD7084}.Debug|Any CPU.Build.0 = Debug|Any CPU
		{E203FBED-9F44-4E3E-BECD-E9C103AD7084}.Release|Any CPU.ActiveCfg = Release|Any CPU
		{E203FBED-9F44-4E3E-BECD-E9C103AD7084}.Release|Any CPU.Build.0 = Release|Any CPU
		{671A522F-E20C-44E8-86BD-D0A0F38DC205}.Debug|Any CPU.ActiveCfg = Debug|Any CPU
		{671A522F-E20C-44E8-86BD-D0A0F38DC205}.Debug|Any CPU.Build.0 = Debug|Any CPU
		{671A522F-E20C-44E8-86BD-D0A0F38DC205}.Release|Any CPU.ActiveCfg = Release|Any CPU
		{671A522F-E20C-44E8-86BD-D0A0F38DC205}.Release|Any CPU.Build.0 = Release|Any CPU
		{C040792E-4A60-4822-AE95-61A0836E78F2}.Debug|Any CPU.ActiveCfg = Debug|Any CPU
		{C040792E-4A60-4822-AE95-61A0836E78F2}.Debug|Any CPU.Build.0 = Debug|Any CPU
		{C040792E-4A60-4822-AE95-61A0836E78F2}.Release|Any CPU.ActiveCfg = Release|Any CPU
		{C040792E-4A60-4822-AE95-61A0836E78F2}.Release|Any CPU.Build.0 = Release|Any CPU
		{DD9CA52D-8CDA-4CC6-AAF6-0287CA07499E}.Debug|Any CPU.ActiveCfg = Debug|Any CPU
		{DD9CA52D-8CDA-4CC6-AAF6-0287CA07499E}.Debug|Any CPU.Build.0 = Debug|Any CPU
		{DD9CA52D-8CDA-4CC6-AAF6-0287CA07499E}.Debug|Any CPU.Deploy.0 = Debug|Any CPU
		{DD9CA52D-8CDA-4CC6-AAF6-0287CA07499E}.Release|Any CPU.ActiveCfg = Release|Any CPU
		{CA160BF4-8E14-42D6-BE7A-1387A5382F9E}.Debug|Any CPU.ActiveCfg = Debug|Any CPU
		{CA160BF4-8E14-42D6-BE7A-1387A5382F9E}.Debug|Any CPU.Build.0 = Debug|Any CPU
		{CA160BF4-8E14-42D6-BE7A-1387A5382F9E}.Release|Any CPU.ActiveCfg = Release|Any CPU
		{CA160BF4-8E14-42D6-BE7A-1387A5382F9E}.Release|Any CPU.Build.0 = Release|Any CPU
	EndGlobalSection
	GlobalSection(SolutionProperties) = preSolution
		HideSolutionNode = FALSE
	EndGlobalSection
	GlobalSection(NestedProjects) = preSolution
		{BA857173-7E30-428E-B5AE-D61FF97AFCB9} = {609FC1C1-3F2A-436F-94C0-206BFEDC3613}
		{E4AABD69-9BCA-4433-B7AA-AFC7269A53C8} = {BA857173-7E30-428E-B5AE-D61FF97AFCB9}
	EndGlobalSection
	GlobalSection(ExtensibilityGlobals) = postSolution
		SolutionGuid = {A17FA9E8-4A0F-4FF3-821D-2B76A45337FC}
	EndGlobalSection
EndGlobal
